// !$*UTF8*$!
{
	archiveVersion = 1;
	classes = {
	};
	objectVersion = 55;
	objects = {

/* Begin PBXBuildFile section */
		D3EB4FF229DE9F3B004B7764 /* AppDelegate.swift in Sources */ = {isa = PBXBuildFile; fileRef = D3EB4FF129DE9F3B004B7764 /* AppDelegate.swift */; };
		D3EB4FF429DE9F3B004B7764 /* SceneDelegate.swift in Sources */ = {isa = PBXBuildFile; fileRef = D3EB4FF329DE9F3B004B7764 /* SceneDelegate.swift */; };
		D3EB4FF629DE9F3B004B7764 /* ViewController.swift in Sources */ = {isa = PBXBuildFile; fileRef = D3EB4FF529DE9F3B004B7764 /* ViewController.swift */; };
		D3EB4FF929DE9F3B004B7764 /* Main.storyboard in Resources */ = {isa = PBXBuildFile; fileRef = D3EB4FF729DE9F3B004B7764 /* Main.storyboard */; };
		D3EB4FFC29DE9F3B004B7764 /* CoredataBase_6_April_2023.xcdatamodeld in Sources */ = {isa = PBXBuildFile; fileRef = D3EB4FFA29DE9F3B004B7764 /* CoredataBase_6_April_2023.xcdatamodeld */; };
		D3EB4FFE29DE9F3D004B7764 /* Assets.xcassets in Resources */ = {isa = PBXBuildFile; fileRef = D3EB4FFD29DE9F3D004B7764 /* Assets.xcassets */; };
		D3EB500129DE9F3D004B7764 /* LaunchScreen.storyboard in Resources */ = {isa = PBXBuildFile; fileRef = D3EB4FFF29DE9F3D004B7764 /* LaunchScreen.storyboard */; };
/* End PBXBuildFile section */

/* Begin PBXFileReference section */
		D3EB4FEE29DE9F3B004B7764 /* CoredataBase_6_April_2023.app */ = {isa = PBXFileReference; explicitFileType = wrapper.application; includeInIndex = 0; path = CoredataBase_6_April_2023.app; sourceTree = BUILT_PRODUCTS_DIR; };
		D3EB4FF129DE9F3B004B7764 /* AppDelegate.swift */ = {isa = PBXFileReference; lastKnownFileType = sourcecode.swift; path = AppDelegate.swift; sourceTree = "<group>"; };
		D3EB4FF329DE9F3B004B7764 /* SceneDelegate.swift */ = {isa = PBXFileReference; lastKnownFileType = sourcecode.swift; path = SceneDelegate.swift; sourceTree = "<group>"; };
		D3EB4FF529DE9F3B004B7764 /* ViewController.swift */ = {isa = PBXFileReference; lastKnownFileType = sourcecode.swift; path = ViewController.swift; sourceTree = "<group>"; };
		D3EB4FF829DE9F3B004B7764 /* Base */ = {isa = PBXFileReference; lastKnownFileType = file.storyboard; name = Base; path = Base.lproj/Main.storyboard; sourceTree = "<group>"; };
		D3EB4FFB29DE9F3B004B7764 /* CoredataBase_6_April_2023.xcdatamodel */ = {isa = PBXFileReference; lastKnownFileType = wrapper.xcdatamodel; path = CoredataBase_6_April_2023.xcdatamodel; sourceTree = "<group>"; };
		D3EB4FFD29DE9F3D004B7764 /* Assets.xcassets */ = {isa = PBXFileReference; lastKnownFileType = folder.assetcatalog; path = Assets.xcassets; sourceTree = "<group>"; };
		D3EB500029DE9F3D004B7764 /* Base */ = {isa = PBXFileReference; lastKnownFileType = file.storyboard; name = Base; path = Base.lproj/LaunchScreen.storyboard; sourceTree = "<group>"; };
		D3EB500229DE9F3D004B7764 /* Info.plist */ = {isa = PBXFileReference; lastKnownFileType = text.plist.xml; path = Info.plist; sourceTree = "<group>"; };
/* End PBXFileReference section */

/* Begin PBXFrameworksBuildPhase section */
		D3EB4FEB29DE9F3B004B7764 /* Frameworks */ = {
			isa = PBXFrameworksBuildPhase;
			buildActionMask = 2147483647;
			files = (
			);
			runOnlyForDeploymentPostprocessing = 0;
		};
/* End PBXFrameworksBuildPhase section */

/* Begin PBXGroup section */
		D3EB4FE529DE9F3B004B7764 = {
			isa = PBXGroup;
			children = (
				D3EB4FF029DE9F3B004B7764 /* CoredataBase_6_April_2023 */,
				D3EB4FEF29DE9F3B004B7764 /* Products */,
			);
			sourceTree = "<group>";
		};
		D3EB4FEF29DE9F3B004B7764 /* Products */ = {
			isa = PBXGroup;
			children = (
				D3EB4FEE29DE9F3B004B7764 /* CoredataBase_6_April_2023.app */,
			);
			name = Products;
			sourceTree = "<group>";
		};
		D3EB4FF029DE9F3B004B7764 /* CoredataBase_6_April_2023 */ = {
			isa = PBXGroup;
			children = (
				D3EB4FF129DE9F3B004B7764 /* AppDelegate.swift */,
				D3EB4FF329DE9F3B004B7764 /* SceneDelegate.swift */,
				D3EB4FF529DE9F3B004B7764 /* ViewController.swift */,
				D3EB4FF729DE9F3B004B7764 /* Main.storyboard */,
				D3EB4FFD29DE9F3D004B7764 /* Assets.xcassets */,
				D3EB4FFF29DE9F3D004B7764 /* LaunchScreen.storyboard */,
				D3EB500229DE9F3D004B7764 /* Info.plist */,
				D3EB4FFA29DE9F3B004B7764 /* CoredataBase_6_April_2023.xcdatamodeld */,
			);
			path = CoredataBase_6_April_2023;
			sourceTree = "<group>";
		};
/* End PBXGroup section */

/* Begin PBXNativeTarget section */
		D3EB4FED29DE9F3B004B7764 /* CoredataBase_6_April_2023 */ = {
			isa = PBXNativeTarget;
			buildConfigurationList = D3EB500529DE9F3D004B7764 /* Build configuration list for PBXNativeTarget "CoredataBase_6_April_2023" */;
			buildPhases = (
				D3EB4FEA29DE9F3B004B7764 /* Sources */,
				D3EB4FEB29DE9F3B004B7764 /* Frameworks */,
				D3EB4FEC29DE9F3B004B7764 /* Resources */,
			);
			buildRules = (
			);
			dependencies = (
			);
			name = CoredataBase_6_April_2023;
			productName = CoredataBase_6_April_2023;
			productReference = D3EB4FEE29DE9F3B004B7764 /* CoredataBase_6_April_2023.app */;
			productType = "com.apple.product-type.application";
		};
/* End PBXNativeTarget section */

/* Begin PBXProject section */
		D3EB4FE629DE9F3B004B7764 /* Project object */ = {
			isa = PBXProject;
			attributes = {
				BuildIndependentTargetsInParallel = 1;
				LastSwiftUpdateCheck = 1300;
				LastUpgradeCheck = 1300;
				TargetAttributes = {
					D3EB4FED29DE9F3B004B7764 = {
						CreatedOnToolsVersion = 13.0;
					};
				};
			};
			buildConfigurationList = D3EB4FE929DE9F3B004B7764 /* Build configuration list for PBXProject "CoredataBase_6_April_2023" */;
			compatibilityVersion = "Xcode 13.0";
			developmentRegion = en;
			hasScannedForEncodings = 0;
			knownRegions = (
				en,
				Base,
			);
			mainGroup = D3EB4FE529DE9F3B004B7764;
			productRefGroup = D3EB4FEF29DE9F3B004B7764 /* Products */;
			projectDirPath = "";
			projectRoot = "";
			targets = (
				D3EB4FED29DE9F3B004B7764 /* CoredataBase_6_April_2023 */,
			);
		};
/* End PBXProject section */

/* Begin PBXResourcesBuildPhase section */
		D3EB4FEC29DE9F3B004B7764 /* Resources */ = {
			isa = PBXResourcesBuildPhase;
			buildActionMask = 2147483647;
			files = (
				D3EB500129DE9F3D004B7764 /* LaunchScreen.storyboard in Resources */,
				D3EB4FFE29DE9F3D004B7764 /* Assets.xcassets in Resources */,
				D3EB4FF929DE9F3B004B7764 /* Main.storyboard in Resources */,
			);
			runOnlyForDeploymentPostprocessing = 0;
		};
/* End PBXResourcesBuildPhase section */

/* Begin PBXSourcesBuildPhase section */
		D3EB4FEA29DE9F3B004B7764 /* Sources */ = {
			isa = PBXSourcesBuildPhase;
			buildActionMask = 2147483647;
			files = (
				D3EB4FF629DE9F3B004B7764 /* ViewController.swift in Sources */,
				D3EB4FF229DE9F3B004B7764 /* AppDelegate.swift in Sources */,
				D3EB4FFC29DE9F3B004B7764 /* CoredataBase_6_April_2023.xcdatamodeld in Sources */,
				D3EB4FF429DE9F3B004B7764 /* SceneDelegate.swift in Sources */,
			);
			runOnlyForDeploymentPostprocessing = 0;
		};
/* End PBXSourcesBuildPhase section */

/* Begin PBXVariantGroup section */
		D3EB4FF729DE9F3B004B7764 /* Main.storyboard */ = {
			isa = PBXVariantGroup;
			children = (
				D3EB4FF829DE9F3B004B7764 /* Base */,
			);
			name = Main.storyboard;
			sourceTree = "<group>";
		};
		D3EB4FFF29DE9F3D004B7764 /* LaunchScreen.storyboard */ = {
			isa = PBXVariantGroup;
			children = (
				D3EB500029DE9F3D004B7764 /* Base */,
			);
			name = LaunchScreen.storyboard;
			sourceTree = "<group>";
		};
/* End PBXVariantGroup section */

/* Begin XCBuildConfiguration section */
		D3EB500329DE9F3D004B7764 /* Debug */ = {
			isa = XCBuildConfiguration;
			buildSettings = {
				ALWAYS_SEARCH_USER_PATHS = NO;
				CLANG_ANALYZER_NONNULL = YES;
				CLANG_ANALYZER_NUMBER_OBJECT_CONVERSION = YES_AGGRESSIVE;
				CLANG_CXX_LANGUAGE_STANDARD = "gnu++17";
				CLANG_CXX_LIBRARY = "libc++";
				CLANG_ENABLE_MODULES = YES;
				CLANG_ENABLE_OBJC_ARC = YES;
				CLANG_ENABLE_OBJC_WEAK = YES;
				CLANG_WARN_BLOCK_CAPTURE_AUTORELEASING = YES;
				CLANG_WARN_BOOL_CONVERSION = YES;
				CLANG_WARN_COMMA = YES;
				CLANG_WARN_CONSTANT_CONVERSION = YES;
				CLANG_WARN_DEPRECATED_OBJC_IMPLEMENTATIONS = YES;
				CLANG_WARN_DIRECT_OBJC_ISA_USAGE = YES_ERROR;
				CLANG_WARN_DOCUMENTATION_COMMENTS = YES;
				CLANG_WARN_EMPTY_BODY = YES;
				CLANG_WARN_ENUM_CONVERSION = YES;
				CLANG_WARN_INFINITE_RECURSION = YES;
				CLANG_WARN_INT_CONVERSION = YES;
				CLANG_WARN_NON_LITERAL_NULL_CONVERSION = YES;
				CLANG_WARN_OBJC_IMPLICIT_RETAIN_SELF = YES;
				CLANG_WARN_OBJC_LITERAL_CONVERSION = YES;
				CLANG_WARN_OBJC_ROOT_CLASS = YES_ERROR;
				CLANG_WARN_QUOTED_INCLUDE_IN_FRAMEWORK_HEADER = YES;
				CLANG_WARN_RANGE_LOOP_ANALYSIS = YES;
				CLANG_WARN_STRICT_PROTOTYPES = YES;
				CLANG_WARN_SUSPICIOUS_MOVE = YES;
				CLANG_WARN_UNGUARDED_AVAILABILITY = YES_AGGRESSIVE;
				CLANG_WARN_UNREACHABLE_CODE = YES;
				CLANG_WARN__DUPLICATE_METHOD_MATCH = YES;
				COPY_PHASE_STRIP = NO;
				DEBUG_INFORMATION_FORMAT = dwarf;
				ENABLE_STRICT_OBJC_MSGSEND = YES;
				ENABLE_TESTABILITY = YES;
				GCC_C_LANGUAGE_STANDARD = gnu11;
				GCC_DYNAMIC_NO_PIC = NO;
				GCC_NO_COMMON_BLOCKS = YES;
				GCC_OPTIMIZATION_LEVEL = 0;
				GCC_PREPROCESSOR_DEFINITIONS = (
					"DEBUG=1",
					"$(inherited)",
				);
				GCC_WARN_64_TO_32_BIT_CONVERSION = YES;
				GCC_WARN_ABOUT_RETURN_TYPE = YES_ERROR;
				GCC_WARN_UNDECLARED_SELECTOR = YES;
				GCC_WARN_UNINITIALIZED_AUTOS = YES_AGGRESSIVE;
				GCC_WARN_UNUSED_FUNCTION = YES;
				GCC_WARN_UNUSED_VARIABLE = YES;
				IPHONEOS_DEPLOYMENT_TARGET = 15.0;
				MTL_ENABLE_DEBUG_INFO = INCLUDE_SOURCE;
				MTL_FAST_MATH = YES;
				ONLY_ACTIVE_ARCH = YES;
				SDKROOT = iphoneos;
				SWIFT_ACTIVE_COMPILATION_CONDITIONS = DEBUG;
				SWIFT_OPTIMIZATION_LEVEL = "-Onone";
			};
			name = Debug;
		};
		D3EB500429DE9F3D004B7764 /* Release */ = {
			isa = XCBuildConfiguration;
			buildSettings = {
				ALWAYS_SEARCH_USER_PATHS = NO;
				CLANG_ANALYZER_NONNULL = YES;
				CLANG_ANALYZER_NUMBER_OBJECT_CONVERSION = YES_AGGRESSIVE;
				CLANG_CXX_LANGUAGE_STANDARD = "gnu++17";
				CLANG_CXX_LIBRARY = "libc++";
				CLANG_ENABLE_MODULES = YES;
				CLANG_ENABLE_OBJC_ARC = YES;
				CLANG_ENABLE_OBJC_WEAK = YES;
				CLANG_WARN_BLOCK_CAPTURE_AUTORELEASING = YES;
				CLANG_WARN_BOOL_CONVERSION = YES;
				CLANG_WARN_COMMA = YES;
				CLANG_WARN_CONSTANT_CONVERSION = YES;
				CLANG_WARN_DEPRECATED_OBJC_IMPLEMENTATIONS = YES;
				CLANG_WARN_DIRECT_OBJC_ISA_USAGE = YES_ERROR;
				CLANG_WARN_DOCUMENTATION_COMMENTS = YES;
				CLANG_WARN_EMPTY_BODY = YES;
				CLANG_WARN_ENUM_CONVERSION = YES;
				CLANG_WARN_INFINITE_RECURSION = YES;
				CLANG_WARN_INT_CONVERSION = YES;
				CLANG_WARN_NON_LITERAL_NULL_CONVERSION = YES;
				CLANG_WARN_OBJC_IMPLICIT_RETAIN_SELF = YES;
				CLANG_WARN_OBJC_LITERAL_CONVERSION = YES;
				CLANG_WARN_OBJC_ROOT_CLASS = YES_ERROR;
				CLANG_WARN_QUOTED_INCLUDE_IN_FRAMEWORK_HEADER = YES;
				CLANG_WARN_RANGE_LOOP_ANALYSIS = YES;
				CLANG_WARN_STRICT_PROTOTYPES = YES;
				CLANG_WARN_SUSPICIOUS_MOVE = YES;
				CLANG_WARN_UNGUARDED_AVAILABILITY = YES_AGGRESSIVE;
				CLANG_WARN_UNREACHABLE_CODE = YES;
				CLANG_WARN__DUPLICATE_METHOD_MATCH = YES;
				COPY_PHASE_STRIP = NO;
				DEBUG_INFORMATION_FORMAT = "dwarf-with-dsym";
				ENABLE_NS_ASSERTIONS = NO;
				ENABLE_STRICT_OBJC_MSGSEND = YES;
				GCC_C_LANGUAGE_STANDARD = gnu11;
				GCC_NO_COMMON_BLOCKS = YES;
				GCC_WARN_64_TO_32_BIT_CONVERSION = YES;
				GCC_WARN_ABOUT_RETURN_TYPE = YES_ERROR;
				GCC_WARN_UNDECLARED_SELECTOR = YES;
				GCC_WARN_UNINITIALIZED_AUTOS = YES_AGGRESSIVE;
				GCC_WARN_UNUSED_FUNCTION = YES;
				GCC_WARN_UNUSED_VARIABLE = YES;
				IPHONEOS_DEPLOYMENT_TARGET = 15.0;
				MTL_ENABLE_DEBUG_INFO = NO;
				MTL_FAST_MATH = YES;
				SDKROOT = iphoneos;
				SWIFT_COMPILATION_MODE = wholemodule;
				SWIFT_OPTIMIZATION_LEVEL = "-O";
				VALIDATE_PRODUCT = YES;
			};
			name = Release;
		};
		D3EB500629DE9F3D004B7764 /* Debug */ = {
			isa = XCBuildConfiguration;
			buildSettings = {
				ASSETCATALOG_COMPILER_APPICON_NAME = AppIcon;
				ASSETCATALOG_COMPILER_GLOBAL_ACCENT_COLOR_NAME = AccentColor;
				CODE_SIGN_STYLE = Automatic;
				CURRENT_PROJECT_VERSION = 1;
				GENERATE_INFOPLIST_FILE = YES;
				INFOPLIST_FILE = CoredataBase_6_April_2023/Info.plist;
				INFOPLIST_KEY_UIApplicationSupportsIndirectInputEvents = YES;
				INFOPLIST_KEY_UILaunchStoryboardName = LaunchScreen;
				INFOPLIST_KEY_UIMainStoryboardFile = Main;
				INFOPLIST_KEY_UISupportedInterfaceOrientations_iPad = "UIInterfaceOrientationPortrait UIInterfaceOrientationPortraitUpsideDown UIInterfaceOrientationLandscapeLeft UIInterfaceOrientationLandscapeRight";
				INFOPLIST_KEY_UISupportedInterfaceOrientations_iPhone = "UIInterfaceOrientationPortrait UIInterfaceOrientationLandscapeLeft UIInterfaceOrientationLandscapeRight";
				LD_RUNPATH_SEARCH_PATHS = (
					"$(inherited)",
					"@executable_path/Frameworks",
				);
				MARKETING_VERSION = 1.0;
				PRODUCT_BUNDLE_IDENTIFIER = "collection.CoredataBase-6-April-2023";
				PRODUCT_NAME = "$(TARGET_NAME)";
				SWIFT_EMIT_LOC_STRINGS = YES;
				SWIFT_VERSION = 5.0;
				TARGETED_DEVICE_FAMILY = "1,2";
			};
			name = Debug;
		};
		D3EB500729DE9F3D004B7764 /* Release */ = {
			isa = XCBuildConfiguration;
			buildSettings = {
				ASSETCATALOG_COMPILER_APPICON_NAME = AppIcon;
				ASSETCATALOG_COMPILER_GLOBAL_ACCENT_COLOR_NAME = AccentColor;
				CODE_SIGN_STYLE = Automatic;
				CURRENT_PROJECT_VERSION = 1;
				GENERATE_INFOPLIST_FILE = YES;
				INFOPLIST_FILE = CoredataBase_6_April_2023/Info.plist;
				INFOPLIST_KEY_UIApplicationSupportsIndirectInputEvents = YES;
				INFOPLIST_KEY_UILaunchStoryboardName = LaunchScreen;
				INFOPLIST_KEY_UIMainStoryboardFile = Main;
				INFOPLIST_KEY_UISupportedInterfaceOrientations_iPad = "UIInterfaceOrientationPortrait UIInterfaceOrientationPortraitUpsideDown UIInterfaceOrientationLandscapeLeft UIInterfaceOrientationLandscapeRight";
				INFOPLIST_KEY_UISupportedInterfaceOrientations_iPhone = "UIInterfaceOrientationPortrait UIInterfaceOrientationLandscapeLeft UIInterfaceOrientationLandscapeRight";
				LD_RUNPATH_SEARCH_PATHS = (
					"$(inherited)",
					"@executable_path/Frameworks",
				);
				MARKETING_VERSION = 1.0;
				PRODUCT_BUNDLE_IDENTIFIER = "collection.CoredataBase-6-April-2023";
				PRODUCT_NAME = "$(TARGET_NAME)";
				SWIFT_EMIT_LOC_STRINGS = YES;
				SWIFT_VERSION = 5.0;
				TARGETED_DEVICE_FAMILY = "1,2";
			};
			name = Release;
		};
/* End XCBuildConfiguration section */

/* Begin XCConfigurationList section */
		D3EB4FE929DE9F3B004B7764 /* Build configuration list for PBXProject "CoredataBase_6_April_2023" */ = {
			isa = XCConfigurationList;
			buildConfigurations = (
				D3EB500329DE9F3D004B7764 /* Debug */,
				D3EB500429DE9F3D004B7764 /* Release */,
			);
			defaultConfigurationIsVisible = 0;
			defaultConfigurationName = Release;
		};
		D3EB500529DE9F3D004B7764 /* Build configuration list for PBXNativeTarget "CoredataBase_6_April_2023" */ = {
			isa = XCConfigurationList;
			buildConfigurations = (
				D3EB500629DE9F3D004B7764 /* Debug */,
				D3EB500729DE9F3D004B7764 /* Release */,
			);
			defaultConfigurationIsVisible = 0;
			defaultConfigurationName = Release;
		};
/* End XCConfigurationList section */

/* Begin XCVersionGroup section */
		D3EB4FFA29DE9F3B004B7764 /* CoredataBase_6_April_2023.xcdatamodeld */ = {
			isa = XCVersionGroup;
			children = (
				D3EB4FFB29DE9F3B004B7764 /* CoredataBase_6_April_2023.xcdatamodel */,
			);
			currentVersion = D3EB4FFB29DE9F3B004B7764 /* CoredataBase_6_April_2023.xcdatamodel */;
			path = CoredataBase_6_April_2023.xcdatamodeld;
			sourceTree = "<group>";
			versionGroupType = wrapper.xcdatamodel;
		};
/* End XCVersionGroup section */
	};
	rootObject = D3EB4FE629DE9F3B004B7764 /* Project object */;
}
